
Microsoft Visual Studio Solution File, Format Version 12.00
# Visual Studio Version 17
VisualStudioVersion = 17.9.34728.123
MinimumVisualStudioVersion = 10.0.40219.1
Project("{9A19103F-16F7-4668-BE54-9A1E7A4F7556}") = "Cod3rsGrowth.dominio", "Cod3rsGrowth.dominio\Cod3rsGrowth.dominio.csproj", "{7D0C12F2-C008-4C4B-990A-2948598216EB}"
EndProject
Project("{9A19103F-16F7-4668-BE54-9A1E7A4F7556}") = "Cod3rsGrowth.infra", "Cod3rsGrowth.infra\Cod3rsGrowth.infra.csproj", "{0FE64A52-7DAC-4AC4-AEC5-A959DE42F1BA}"
EndProject
Project("{9A19103F-16F7-4668-BE54-9A1E7A4F7556}") = "Cod3rsGrowth.forms", "Cod3rsGrowth.forms\Cod3rsGrowth.forms.csproj", "{4F8FD7A3-4077-4FAF-AD36-D6F0CFBBADD8}"
EndProject
Project("{9A19103F-16F7-4668-BE54-9A1E7A4F7556}") = "Cod3rsGrowth.web", "Cod3rsGrowth.web\Cod3rsGrowth.web.csproj", "{5A408554-A3F5-42FA-B4D0-BBD4334E218F}"
EndProject
Project("{9A19103F-16F7-4668-BE54-9A1E7A4F7556}") = "Cod3rsGrowth.testes", "Cod3rsGrowth.testes\Cod3rsGrowth.testes.csproj", "{D6CEED38-0D00-42F9-A468-57D55CBF417A}"
EndProject
Project("{FAE04EC0-301F-11D3-BF4B-00C04F79EFBC}") = "Cod3rsGrowth.Servico", "Cod3rsGrowth.Servico\Cod3rsGrowth.Servico.csproj", "{B95B305D-F36B-4F15-B639-47EC0C74831C}"
EndProject
Global
	GlobalSection(SolutionConfigurationPlatforms) = preSolution
		Debug|Any CPU = Debug|Any CPU
		Release|Any CPU = Release|Any CPU
	EndGlobalSection
	GlobalSection(ProjectConfigurationPlatforms) = postSolution
		{7D0C12F2-C008-4C4B-990A-2948598216EB}.Debug|Any CPU.ActiveCfg = Debug|Any CPU
		{7D0C12F2-C008-4C4B-990A-2948598216EB}.Debug|Any CPU.Build.0 = Debug|Any CPU
		{7D0C12F2-C008-4C4B-990A-2948598216EB}.Release|Any CPU.ActiveCfg = Release|Any CPU
		{7D0C12F2-C008-4C4B-990A-2948598216EB}.Release|Any CPU.Build.0 = Release|Any CPU
		{0FE64A52-7DAC-4AC4-AEC5-A959DE42F1BA}.Debug|Any CPU.ActiveCfg = Debug|Any CPU
		{0FE64A52-7DAC-4AC4-AEC5-A959DE42F1BA}.Debug|Any CPU.Build.0 = Debug|Any CPU
		{0FE64A52-7DAC-4AC4-AEC5-A959DE42F1BA}.Release|Any CPU.ActiveCfg = Release|Any CPU
		{0FE64A52-7DAC-4AC4-AEC5-A959DE42F1BA}.Release|Any CPU.Build.0 = Release|Any CPU
		{4F8FD7A3-4077-4FAF-AD36-D6F0CFBBADD8}.Debug|Any CPU.ActiveCfg = Debug|Any CPU
		{4F8FD7A3-4077-4FAF-AD36-D6F0CFBBADD8}.Debug|Any CPU.Build.0 = Debug|Any CPU
		{4F8FD7A3-4077-4FAF-AD36-D6F0CFBBADD8}.Release|Any CPU.ActiveCfg = Release|Any CPU
		{4F8FD7A3-4077-4FAF-AD36-D6F0CFBBADD8}.Release|Any CPU.Build.0 = Release|Any CPU
		{5A408554-A3F5-42FA-B4D0-BBD4334E218F}.Debug|Any CPU.ActiveCfg = Debug|Any CPU
		{5A408554-A3F5-42FA-B4D0-BBD4334E218F}.Debug|Any CPU.Build.0 = Debug|Any CPU
		{5A408554-A3F5-42FA-B4D0-BBD4334E218F}.Release|Any CPU.ActiveCfg = Release|Any CPU
		{5A408554-A3F5-42FA-B4D0-BBD4334E218F}.Release|Any CPU.Build.0 = Release|Any CPU
		{D6CEED38-0D00-42F9-A468-57D55CBF417A}.Debug|Any CPU.ActiveCfg = Debug|Any CPU
		{D6CEED38-0D00-42F9-A468-57D55CBF417A}.Debug|Any CPU.Build.0 = Debug|Any CPU
		{D6CEED38-0D00-42F9-A468-57D55CBF417A}.Release|Any CPU.ActiveCfg = Release|Any CPU
		{D6CEED38-0D00-42F9-A468-57D55CBF417A}.Release|Any CPU.Build.0 = Release|Any CPU
		{B95B305D-F36B-4F15-B639-47EC0C74831C}.Debug|Any CPU.ActiveCfg = Debug|Any CPU
		{B95B305D-F36B-4F15-B639-47EC0C74831C}.Debug|Any CPU.Build.0 = Debug|Any CPU
		{B95B305D-F36B-4F15-B639-47EC0C74831C}.Release|Any CPU.ActiveCfg = Release|Any CPU
		{B95B305D-F36B-4F15-B639-47EC0C74831C}.Release|Any CPU.Build.0 = Release|Any CPU
	EndGlobalSection
	GlobalSection(SolutionProperties) = preSolution
		HideSolutionNode = FALSE
	EndGlobalSection
	GlobalSection(ExtensibilityGlobals) = postSolution
		SolutionGuid = {6F84C461-61A0-4C96-AFB6-B840B6E9E57F}
	EndGlobalSection
EndGlobal
